
Microsoft Visual Studio Solution File, Format Version 12.00
# Visual Studio Version 16
VisualStudioVersion = 16.0.32630.194
MinimumVisualStudioVersion = 10.0.40219.1
Project("{FAE04EC0-301F-11D3-BF4B-00C04F79EFBC}") = "EmployeeCrudEntityFramework", "EmployeeCrudEntityFramework\EmployeeCrudEntityFramework.csproj", "{92AE4FC3-5387-4D7B-A128-B0EDBDD8D48E}"
EndProject
Global
	GlobalSection(SolutionConfigurationPlatforms) = preSolution
		Debug|Any CPU = Debug|Any CPU
		Release|Any CPU = Release|Any CPU
	EndGlobalSection
	GlobalSection(ProjectConfigurationPlatforms) = postSolution
		{92AE4FC3-5387-4D7B-A128-B0EDBDD8D48E}.Debug|Any CPU.ActiveCfg = Debug|Any CPU
		{92AE4FC3-5387-4D7B-A128-B0EDBDD8D48E}.Debug|Any CPU.Build.0 = Debug|Any CPU
		{92AE4FC3-5387-4D7B-A128-B0EDBDD8D48E}.Release|Any CPU.ActiveCfg = Release|Any CPU
		{92AE4FC3-5387-4D7B-A128-B0EDBDD8D48E}.Release|Any CPU.Build.0 = Release|Any CPU
	EndGlobalSection
	GlobalSection(SolutionProperties) = preSolution
		HideSolutionNode = FALSE
	EndGlobalSection
	GlobalSection(ExtensibilityGlobals) = postSolution
		SolutionGuid = {D5D8D9CA-0971-46D7-B8ED-53EF1704F76E}
	EndGlobalSection
EndGlobal
